<?xml version="1.0" encoding="utf-8"?>
<Project ToolsVersion="4.0" xmlns="http://schemas.microsoft.com/developer/msbuild/2003">
  <ItemGroup>
    <Filter Include="源文件">
      <UniqueIdentifier>{4FC737F1-C7A5-4376-A066-2A32D752A2FF}</UniqueIdentifier>
      <Extensions>cpp;c;cc;cxx;c++;cppm;ixx;def;odl;idl;hpj;bat;asm;asmx</Extensions>
    </Filter>
    <Filter Include="头文件">
      <UniqueIdentifier>{93995380-89BD-4b04-88EB-625FBE52EBFB}</UniqueIdentifier>
      <Extensions>h;hh;hpp;hxx;h++;hm;inl;inc;ipp;xsd</Extensions>
    </Filter>
  </ItemGroup>
  <ItemGroup>
    <ClCompile Include="src\capture\KcAudioDevice.cpp">
      <Filter>源文件</Filter>
    </ClCompile>
    <ClCompile Include="src\capture\KgVoixenVad.cpp">
      <Filter>源文件</Filter>
    </ClCompile>
    <ClCompile Include="src\KgAsrFrontFrame.cpp">
      <Filter>源文件</Filter>
    </ClCompile>
    <ClCompile Include="src\capture\KcVoicePicker.cpp">
      <Filter>源文件</Filter>
    </ClCompile>
    <ClCompile Include="src\feature\KgSpectrum.cpp">
      <Filter>源文件</Filter>
    </ClCompile>
    <ClCompile Include="src\feature\KgPreprocess.cpp">
      <Filter>源文件</Filter>
    </ClCompile>
    <ClCompile Include="src\feature\KgFbank.cpp">
      <Filter>源文件</Filter>
    </ClCompile>
    <ClCompile Include="src\base\KuFreqUnit.cpp">
      <Filter>源文件</Filter>
    </ClCompile>
    <ClCompile Include="src\base\KuStrUtil.cpp">
      <Filter>源文件</Filter>
    </ClCompile>
    <ClCompile Include="src\base\KgRdft.cpp">
      <Filter>源文件</Filter>
    </ClCompile>
    <ClCompile Include="src\feature\KgSpectrogram.cpp">
      <Filter>源文件</Filter>
    </ClCompile>
    <ClCompile Include="src\capture\KgPreemphasis.cpp">
      <Filter>源文件</Filter>
    </ClCompile>
    <ClCompile Include="src\capture\KgWindowing.cpp">
      <Filter>源文件</Filter>
    </ClCompile>
  </ItemGroup>
  <ItemGroup>
    <ClInclude Include="src\capture\KcAudioDevice.h">
      <Filter>头文件</Filter>
    </ClInclude>
    <ClInclude Include="src\capture\KgVoixenVad.h">
      <Filter>头文件</Filter>
    </ClInclude>
    <ClInclude Include="src\capture\KuAudioUtil.h">
      <Filter>头文件</Filter>
    </ClInclude>
    <ClInclude Include="src\KgAsrFrontFrame.h">
      <Filter>头文件</Filter>
    </ClInclude>
    <ClInclude Include="src\capture\KcVoicePicker.h">
      <Filter>头文件</Filter>
    </ClInclude>
    <ClInclude Include="src\base\KtObservable.h">
      <Filter>头文件</Filter>
    </ClInclude>
    <ClInclude Include="src\feature\KgSpectrum.h">
      <Filter>头文件</Filter>
    </ClInclude>
    <ClInclude Include="src\feature\KgPreprocess.h">
      <Filter>头文件</Filter>
    </ClInclude>
    <ClInclude Include="src\feature\KgFbank.h">
      <Filter>头文件</Filter>
    </ClInclude>
    <ClInclude Include="src\base\KtFraming.h">
      <Filter>头文件</Filter>
    </ClInclude>
    <ClInclude Include="src\base\KtInterval.h">
      <Filter>头文件</Filter>
    </ClInclude>
    <ClInclude Include="src\base\KuFreqUnit.h">
      <Filter>头文件</Filter>
    </ClInclude>
    <ClInclude Include="src\base\KtuMath.h">
      <Filter>头文件</Filter>
    </ClInclude>
    <ClInclude Include="src\base\KuStrUtil.h">
      <Filter>头文件</Filter>
    </ClInclude>
    <ClInclude Include="src\base\KgRdft.h">
      <Filter>头文件</Filter>
    </ClInclude>
    <ClInclude Include="src\feature\KgSpectrogram.h">
      <Filter>头文件</Filter>
    </ClInclude>
    <ClInclude Include="src\capture\KgPreemphasis.h">
      <Filter>头文件</Filter>
    </ClInclude>
    <ClInclude Include="src\capture\KgWindowing.h">
      <Filter>头文件</Filter>
    </ClInclude>
  </ItemGroup>
</Project>